
Microsoft Visual Studio Solution File, Format Version 12.00
# Visual Studio 2012
Project("{FAE04EC0-301F-11D3-BF4B-00C04F79EFBC}") = "Tabs.iOS", "Tabs.iOS.csproj", "{70D8D57D-7DB4-4A9B-87F1-D4ED26076E8C}"
EndProject
Global
	GlobalSection(SolutionConfigurationPlatforms) = preSolution
		Debug|iPhoneSimulator = Debug|iPhoneSimulator
		Release|iPhoneSimulator = Release|iPhoneSimulator
		Debug|iPhone = Debug|iPhone
		Release|iPhone = Release|iPhone
		Ad-Hoc|iPhone = Ad-Hoc|iPhone
		AppStore|iPhone = AppStore|iPhone
	EndGlobalSection
	GlobalSection(ProjectConfigurationPlatforms) = postSolution
		{70D8D57D-7DB4-4A9B-87F1-D4ED26076E8C}.Debug|iPhoneSimulator.ActiveCfg = Debug|iPhoneSimulator
		{70D8D57D-7DB4-4A9B-87F1-D4ED26076E8C}.Debug|iPhoneSimulator.Build.0 = Debug|iPhoneSimulator
		{70D8D57D-7DB4-4A9B-87F1-D4ED26076E8C}.Release|iPhoneSimulator.ActiveCfg = Release|iPhoneSimulator
		{70D8D57D-7DB4-4A9B-87F1-D4ED26076E8C}.Release|iPhoneSimulator.Build.0 = Release|iPhoneSimulator
		{70D8D57D-7DB4-4A9B-87F1-D4ED26076E8C}.Debug|iPhone.ActiveCfg = Debug|iPhone
		{70D8D57D-7DB4-4A9B-87F1-D4ED26076E8C}.Debug|iPhone.Build.0 = Debug|iPhone
		{70D8D57D-7DB4-4A9B-87F1-D4ED26076E8C}.Release|iPhone.ActiveCfg = Release|iPhone
		{70D8D57D-7DB4-4A9B-87F1-D4ED26076E8C}.Release|iPhone.Build.0 = Release|iPhone
		{70D8D57D-7DB4-4A9B-87F1-D4ED26076E8C}.Ad-Hoc|iPhone.ActiveCfg = Ad-Hoc|iPhone
		{70D8D57D-7DB4-4A9B-87F1-D4ED26076E8C}.Ad-Hoc|iPhone.Build.0 = Ad-Hoc|iPhone
		{70D8D57D-7DB4-4A9B-87F1-D4ED26076E8C}.AppStore|iPhone.ActiveCfg = AppStore|iPhone
		{70D8D57D-7DB4-4A9B-87F1-D4ED26076E8C}.AppStore|iPhone.Build.0 = AppStore|iPhone
	EndGlobalSection
EndGlobal
